// !$*UTF8*$!
{
	archiveVersion = 1;
	classes = {
	};
	objectVersion = 55;
	objects = {

/* Begin PBXBuildFile section */
		F42348C527C140920086E5FA /* TitleHeaderView.swift in Sources */ = {isa = PBXBuildFile; fileRef = F42348C427C140920086E5FA /* TitleHeaderView.swift */; };
		F434690C27C0144F0066FED1 /* Movie.swift in Sources */ = {isa = PBXBuildFile; fileRef = F434690B27C0144F0066FED1 /* Movie.swift */; };
		F434690E27C0159D0066FED1 /* MovieManager.swift in Sources */ = {isa = PBXBuildFile; fileRef = F434690D27C0159D0066FED1 /* MovieManager.swift */; };
		F434691327C03F420066FED1 /* HighlightCell.swift in Sources */ = {isa = PBXBuildFile; fileRef = F434691227C03F420066FED1 /* HighlightCell.swift */; };
		F434691527C0630D0066FED1 /* PreviewCell.swift in Sources */ = {isa = PBXBuildFile; fileRef = F434691427C0630D0066FED1 /* PreviewCell.swift */; };
		F434691727C063790066FED1 /* MovieCell.swift in Sources */ = {isa = PBXBuildFile; fileRef = F434691627C063790066FED1 /* MovieCell.swift */; };
		F434691927C066260066FED1 /* UIImageViewExtensions.swift in Sources */ = {isa = PBXBuildFile; fileRef = F434691827C066260066FED1 /* UIImageViewExtensions.swift */; };
		F434691B27C0782B0066FED1 /* RecommendationsCell.swift in Sources */ = {isa = PBXBuildFile; fileRef = F434691A27C0782B0066FED1 /* RecommendationsCell.swift */; };
		F47CF51527BEF8C10026138F /* AppDelegate.swift in Sources */ = {isa = PBXBuildFile; fileRef = F47CF51427BEF8C10026138F /* AppDelegate.swift */; };
		F47CF51727BEF8C10026138F /* SceneDelegate.swift in Sources */ = {isa = PBXBuildFile; fileRef = F47CF51627BEF8C10026138F /* SceneDelegate.swift */; };
		F47CF51927BEF8C10026138F /* MovieFeedViewController.swift in Sources */ = {isa = PBXBuildFile; fileRef = F47CF51827BEF8C10026138F /* MovieFeedViewController.swift */; };
		F47CF51C27BEF8C10026138F /* Main.storyboard in Resources */ = {isa = PBXBuildFile; fileRef = F47CF51A27BEF8C10026138F /* Main.storyboard */; };
		F47CF51E27BEF8C20026138F /* Assets.xcassets in Resources */ = {isa = PBXBuildFile; fileRef = F47CF51D27BEF8C20026138F /* Assets.xcassets */; };
		F47CF52127BEF8C20026138F /* LaunchScreen.storyboard in Resources */ = {isa = PBXBuildFile; fileRef = F47CF51F27BEF8C20026138F /* LaunchScreen.storyboard */; };
/* End PBXBuildFile section */

/* Begin PBXFileReference section */
		F42348C427C140920086E5FA /* TitleHeaderView.swift */ = {isa = PBXFileReference; lastKnownFileType = sourcecode.swift; path = TitleHeaderView.swift; sourceTree = "<group>"; };
		F434690B27C0144F0066FED1 /* Movie.swift */ = {isa = PBXFileReference; lastKnownFileType = sourcecode.swift; path = Movie.swift; sourceTree = "<group>"; };
		F434690D27C0159D0066FED1 /* MovieManager.swift */ = {isa = PBXFileReference; lastKnownFileType = sourcecode.swift; path = MovieManager.swift; sourceTree = "<group>"; };
		F434691227C03F420066FED1 /* HighlightCell.swift */ = {isa = PBXFileReference; lastKnownFileType = sourcecode.swift; path = HighlightCell.swift; sourceTree = "<group>"; };
		F434691427C0630D0066FED1 /* PreviewCell.swift */ = {isa = PBXFileReference; lastKnownFileType = sourcecode.swift; path = PreviewCell.swift; sourceTree = "<group>"; };
		F434691627C063790066FED1 /* MovieCell.swift */ = {isa = PBXFileReference; lastKnownFileType = sourcecode.swift; path = MovieCell.swift; sourceTree = "<group>"; };
		F434691827C066260066FED1 /* UIImageViewExtensions.swift */ = {isa = PBXFileReference; lastKnownFileType = sourcecode.swift; path = UIImageViewExtensions.swift; sourceTree = "<group>"; };
		F434691A27C0782B0066FED1 /* RecommendationsCell.swift */ = {isa = PBXFileReference; lastKnownFileType = sourcecode.swift; path = RecommendationsCell.swift; sourceTree = "<group>"; };
		F47CF51127BEF8C10026138F /* NetflixCloneApp.app */ = {isa = PBXFileReference; explicitFileType = wrapper.application; includeInIndex = 0; path = NetflixCloneApp.app; sourceTree = BUILT_PRODUCTS_DIR; };
		F47CF51427BEF8C10026138F /* AppDelegate.swift */ = {isa = PBXFileReference; lastKnownFileType = sourcecode.swift; path = AppDelegate.swift; sourceTree = "<group>"; };
		F47CF51627BEF8C10026138F /* SceneDelegate.swift */ = {isa = PBXFileReference; lastKnownFileType = sourcecode.swift; path = SceneDelegate.swift; sourceTree = "<group>"; };
		F47CF51827BEF8C10026138F /* MovieFeedViewController.swift */ = {isa = PBXFileReference; lastKnownFileType = sourcecode.swift; path = MovieFeedViewController.swift; sourceTree = "<group>"; };
		F47CF51B27BEF8C10026138F /* Base */ = {isa = PBXFileReference; lastKnownFileType = file.storyboard; name = Base; path = Base.lproj/Main.storyboard; sourceTree = "<group>"; };
		F47CF51D27BEF8C20026138F /* Assets.xcassets */ = {isa = PBXFileReference; lastKnownFileType = folder.assetcatalog; path = Assets.xcassets; sourceTree = "<group>"; };
		F47CF52027BEF8C20026138F /* Base */ = {isa = PBXFileReference; lastKnownFileType = file.storyboard; name = Base; path = Base.lproj/LaunchScreen.storyboard; sourceTree = "<group>"; };
		F47CF52227BEF8C20026138F /* Info.plist */ = {isa = PBXFileReference; lastKnownFileType = text.plist.xml; path = Info.plist; sourceTree = "<group>"; };
/* End PBXFileReference section */

/* Begin PBXFrameworksBuildPhase section */
		F47CF50E27BEF8C10026138F /* Frameworks */ = {
			isa = PBXFrameworksBuildPhase;
			buildActionMask = 2147483647;
			files = (
			);
			runOnlyForDeploymentPostprocessing = 0;
		};
/* End PBXFrameworksBuildPhase section */

/* Begin PBXGroup section */
		F434690527C010200066FED1 /* Delegates */ = {
			isa = PBXGroup;
			children = (
				F47CF51427BEF8C10026138F /* AppDelegate.swift */,
				F47CF51627BEF8C10026138F /* SceneDelegate.swift */,
			);
			path = Delegates;
			sourceTree = "<group>";
		};
		F434690627C010420066FED1 /* Resources */ = {
			isa = PBXGroup;
			children = (
				F47CF51D27BEF8C20026138F /* Assets.xcassets */,
			);
			path = Resources;
			sourceTree = "<group>";
		};
		F434690727C010940066FED1 /* Models */ = {
			isa = PBXGroup;
			children = (
				F434690B27C0144F0066FED1 /* Movie.swift */,
			);
			path = Models;
			sourceTree = "<group>";
		};
		F434690827C010990066FED1 /* Extensions */ = {
			isa = PBXGroup;
			children = (
				F434691827C066260066FED1 /* UIImageViewExtensions.swift */,
			);
			path = Extensions;
			sourceTree = "<group>";
		};
		F434690927C010AD0066FED1 /* DataManagers */ = {
			isa = PBXGroup;
			children = (
				F434690D27C0159D0066FED1 /* MovieManager.swift */,
			);
			path = DataManagers;
			sourceTree = "<group>";
		};
		F434691027C03F0B0066FED1 /* Components */ = {
			isa = PBXGroup;
			children = (
				F434691127C03F140066FED1 /* Cells */,
			);
			path = Components;
			sourceTree = "<group>";
		};
		F434691127C03F140066FED1 /* Cells */ = {
			isa = PBXGroup;
			children = (
				F434691227C03F420066FED1 /* HighlightCell.swift */,
				F434691427C0630D0066FED1 /* PreviewCell.swift */,
				F434691627C063790066FED1 /* MovieCell.swift */,
				F434691A27C0782B0066FED1 /* RecommendationsCell.swift */,
				F42348C427C140920086E5FA /* TitleHeaderView.swift */,
			);
			path = Cells;
			sourceTree = "<group>";
		};
		F47CF50827BEF8C10026138F = {
			isa = PBXGroup;
			children = (
				F47CF51327BEF8C10026138F /* NetflixCloneApp */,
				F47CF51227BEF8C10026138F /* Products */,
			);
			sourceTree = "<group>";
		};
		F47CF51227BEF8C10026138F /* Products */ = {
			isa = PBXGroup;
			children = (
				F47CF51127BEF8C10026138F /* NetflixCloneApp.app */,
			);
			name = Products;
			sourceTree = "<group>";
		};
		F47CF51327BEF8C10026138F /* NetflixCloneApp */ = {
			isa = PBXGroup;
			children = (
				F434691027C03F0B0066FED1 /* Components */,
				F434690927C010AD0066FED1 /* DataManagers */,
				F434690827C010990066FED1 /* Extensions */,
				F434690727C010940066FED1 /* Models */,
				F434690527C010200066FED1 /* Delegates */,
				F47CF52927BF2EFE0026138F /* Controllers */,
				F47CF52827BF2EF50026138F /* Views */,
				F434690627C010420066FED1 /* Resources */,
				F47CF52227BEF8C20026138F /* Info.plist */,
			);
			path = NetflixCloneApp;
			sourceTree = "<group>";
		};
		F47CF52827BF2EF50026138F /* Views */ = {
			isa = PBXGroup;
			children = (
				F47CF51F27BEF8C20026138F /* LaunchScreen.storyboard */,
				F47CF51A27BEF8C10026138F /* Main.storyboard */,
			);
			path = Views;
			sourceTree = "<group>";
		};
		F47CF52927BF2EFE0026138F /* Controllers */ = {
			isa = PBXGroup;
			children = (
				F47CF51827BEF8C10026138F /* MovieFeedViewController.swift */,
			);
			path = Controllers;
			sourceTree = "<group>";
		};
/* End PBXGroup section */

/* Begin PBXNativeTarget section */
		F47CF51027BEF8C10026138F /* NetflixCloneApp */ = {
			isa = PBXNativeTarget;
			buildConfigurationList = F47CF52527BEF8C20026138F /* Build configuration list for PBXNativeTarget "NetflixCloneApp" */;
			buildPhases = (
				F47CF50D27BEF8C10026138F /* Sources */,
				F47CF50E27BEF8C10026138F /* Frameworks */,
				F47CF50F27BEF8C10026138F /* Resources */,
			);
			buildRules = (
			);
			dependencies = (
			);
			name = NetflixCloneApp;
			productName = NetflixCloneApp;
			productReference = F47CF51127BEF8C10026138F /* NetflixCloneApp.app */;
			productType = "com.apple.product-type.application";
		};
/* End PBXNativeTarget section */

/* Begin PBXProject section */
		F47CF50927BEF8C10026138F /* Project object */ = {
			isa = PBXProject;
			attributes = {
				BuildIndependentTargetsInParallel = 1;
				LastSwiftUpdateCheck = 1320;
				LastUpgradeCheck = 1320;
				TargetAttributes = {
					F47CF51027BEF8C10026138F = {
						CreatedOnToolsVersion = 13.2.1;
					};
				};
			};
			buildConfigurationList = F47CF50C27BEF8C10026138F /* Build configuration list for PBXProject "NetflixCloneApp" */;
			compatibilityVersion = "Xcode 13.0";
			developmentRegion = en;
			hasScannedForEncodings = 0;
			knownRegions = (
				en,
				Base,
			);
			mainGroup = F47CF50827BEF8C10026138F;
			productRefGroup = F47CF51227BEF8C10026138F /* Products */;
			projectDirPath = "";
			projectRoot = "";
			targets = (
				F47CF51027BEF8C10026138F /* NetflixCloneApp */,
			);
		};
/* End PBXProject section */

/* Begin PBXResourcesBuildPhase section */
		F47CF50F27BEF8C10026138F /* Resources */ = {
			isa = PBXResourcesBuildPhase;
			buildActionMask = 2147483647;
			files = (
				F47CF52127BEF8C20026138F /* LaunchScreen.storyboard in Resources */,
				F47CF51E27BEF8C20026138F /* Assets.xcassets in Resources */,
				F47CF51C27BEF8C10026138F /* Main.storyboard in Resources */,
			);
			runOnlyForDeploymentPostprocessing = 0;
		};
/* End PBXResourcesBuildPhase section */

/* Begin PBXSourcesBuildPhase section */
		F47CF50D27BEF8C10026138F /* Sources */ = {
			isa = PBXSourcesBuildPhase;
			buildActionMask = 2147483647;
			files = (
				F434691327C03F420066FED1 /* HighlightCell.swift in Sources */,
				F434691527C0630D0066FED1 /* PreviewCell.swift in Sources */,
				F434691B27C0782B0066FED1 /* RecommendationsCell.swift in Sources */,
				F434691727C063790066FED1 /* MovieCell.swift in Sources */,
				F47CF51927BEF8C10026138F /* MovieFeedViewController.swift in Sources */,
				F434691927C066260066FED1 /* UIImageViewExtensions.swift in Sources */,
				F47CF51527BEF8C10026138F /* AppDelegate.swift in Sources */,
				F42348C527C140920086E5FA /* TitleHeaderView.swift in Sources */,
				F434690E27C0159D0066FED1 /* MovieManager.swift in Sources */,
				F434690C27C0144F0066FED1 /* Movie.swift in Sources */,
				F47CF51727BEF8C10026138F /* SceneDelegate.swift in Sources */,
			);
			runOnlyForDeploymentPostprocessing = 0;
		};
/* End PBXSourcesBuildPhase section */

/* Begin PBXVariantGroup section */
		F47CF51A27BEF8C10026138F /* Main.storyboard */ = {
			isa = PBXVariantGroup;
			children = (
				F47CF51B27BEF8C10026138F /* Base */,
			);
			name = Main.storyboard;
			sourceTree = "<group>";
		};
		F47CF51F27BEF8C20026138F /* LaunchScreen.storyboard */ = {
			isa = PBXVariantGroup;
			children = (
				F47CF52027BEF8C20026138F /* Base */,
			);
			name = LaunchScreen.storyboard;
			sourceTree = "<group>";
		};
/* End PBXVariantGroup section */

/* Begin XCBuildConfiguration section */
		F47CF52327BEF8C20026138F /* Debug */ = {
			isa = XCBuildConfiguration;
			buildSettings = {
				ALWAYS_SEARCH_USER_PATHS = NO;
				CLANG_ANALYZER_NONNULL = YES;
				CLANG_ANALYZER_NUMBER_OBJECT_CONVERSION = YES_AGGRESSIVE;
				CLANG_CXX_LANGUAGE_STANDARD = "gnu++17";
				CLANG_CXX_LIBRARY = "libc++";
				CLANG_ENABLE_MODULES = YES;
				CLANG_ENABLE_OBJC_ARC = YES;
				CLANG_ENABLE_OBJC_WEAK = YES;
				CLANG_WARN_BLOCK_CAPTURE_AUTORELEASING = YES;
				CLANG_WARN_BOOL_CONVERSION = YES;
				CLANG_WARN_COMMA = YES;
				CLANG_WARN_CONSTANT_CONVERSION = YES;
				CLANG_WARN_DEPRECATED_OBJC_IMPLEMENTATIONS = YES;
				CLANG_WARN_DIRECT_OBJC_ISA_USAGE = YES_ERROR;
				CLANG_WARN_DOCUMENTATION_COMMENTS = YES;
				CLANG_WARN_EMPTY_BODY = YES;
				CLANG_WARN_ENUM_CONVERSION = YES;
				CLANG_WARN_INFINITE_RECURSION = YES;
				CLANG_WARN_INT_CONVERSION = YES;
				CLANG_WARN_NON_LITERAL_NULL_CONVERSION = YES;
				CLANG_WARN_OBJC_IMPLICIT_RETAIN_SELF = YES;
				CLANG_WARN_OBJC_LITERAL_CONVERSION = YES;
				CLANG_WARN_OBJC_ROOT_CLASS = YES_ERROR;
				CLANG_WARN_QUOTED_INCLUDE_IN_FRAMEWORK_HEADER = YES;
				CLANG_WARN_RANGE_LOOP_ANALYSIS = YES;
				CLANG_WARN_STRICT_PROTOTYPES = YES;
				CLANG_WARN_SUSPICIOUS_MOVE = YES;
				CLANG_WARN_UNGUARDED_AVAILABILITY = YES_AGGRESSIVE;
				CLANG_WARN_UNREACHABLE_CODE = YES;
				CLANG_WARN__DUPLICATE_METHOD_MATCH = YES;
				COPY_PHASE_STRIP = NO;
				DEBUG_INFORMATION_FORMAT = dwarf;
				ENABLE_STRICT_OBJC_MSGSEND = YES;
				ENABLE_TESTABILITY = YES;
				GCC_C_LANGUAGE_STANDARD = gnu11;
				GCC_DYNAMIC_NO_PIC = NO;
				GCC_NO_COMMON_BLOCKS = YES;
				GCC_OPTIMIZATION_LEVEL = 0;
				GCC_PREPROCESSOR_DEFINITIONS = (
					"DEBUG=1",
					"$(inherited)",
				);
				GCC_WARN_64_TO_32_BIT_CONVERSION = YES;
				GCC_WARN_ABOUT_RETURN_TYPE = YES_ERROR;
				GCC_WARN_UNDECLARED_SELECTOR = YES;
				GCC_WARN_UNINITIALIZED_AUTOS = YES_AGGRESSIVE;
				GCC_WARN_UNUSED_FUNCTION = YES;
				GCC_WARN_UNUSED_VARIABLE = YES;
				IPHONEOS_DEPLOYMENT_TARGET = 15.2;
				MTL_ENABLE_DEBUG_INFO = INCLUDE_SOURCE;
				MTL_FAST_MATH = YES;
				ONLY_ACTIVE_ARCH = YES;
				SDKROOT = iphoneos;
				SWIFT_ACTIVE_COMPILATION_CONDITIONS = DEBUG;
				SWIFT_OPTIMIZATION_LEVEL = "-Onone";
			};
			name = Debug;
		};
		F47CF52427BEF8C20026138F /* Release */ = {
			isa = XCBuildConfiguration;
			buildSettings = {
				ALWAYS_SEARCH_USER_PATHS = NO;
				CLANG_ANALYZER_NONNULL = YES;
				CLANG_ANALYZER_NUMBER_OBJECT_CONVERSION = YES_AGGRESSIVE;
				CLANG_CXX_LANGUAGE_STANDARD = "gnu++17";
				CLANG_CXX_LIBRARY = "libc++";
				CLANG_ENABLE_MODULES = YES;
				CLANG_ENABLE_OBJC_ARC = YES;
				CLANG_ENABLE_OBJC_WEAK = YES;
				CLANG_WARN_BLOCK_CAPTURE_AUTORELEASING = YES;
				CLANG_WARN_BOOL_CONVERSION = YES;
				CLANG_WARN_COMMA = YES;
				CLANG_WARN_CONSTANT_CONVERSION = YES;
				CLANG_WARN_DEPRECATED_OBJC_IMPLEMENTATIONS = YES;
				CLANG_WARN_DIRECT_OBJC_ISA_USAGE = YES_ERROR;
				CLANG_WARN_DOCUMENTATION_COMMENTS = YES;
				CLANG_WARN_EMPTY_BODY = YES;
				CLANG_WARN_ENUM_CONVERSION = YES;
				CLANG_WARN_INFINITE_RECURSION = YES;
				CLANG_WARN_INT_CONVERSION = YES;
				CLANG_WARN_NON_LITERAL_NULL_CONVERSION = YES;
				CLANG_WARN_OBJC_IMPLICIT_RETAIN_SELF = YES;
				CLANG_WARN_OBJC_LITERAL_CONVERSION = YES;
				CLANG_WARN_OBJC_ROOT_CLASS = YES_ERROR;
				CLANG_WARN_QUOTED_INCLUDE_IN_FRAMEWORK_HEADER = YES;
				CLANG_WARN_RANGE_LOOP_ANALYSIS = YES;
				CLANG_WARN_STRICT_PROTOTYPES = YES;
				CLANG_WARN_SUSPICIOUS_MOVE = YES;
				CLANG_WARN_UNGUARDED_AVAILABILITY = YES_AGGRESSIVE;
				CLANG_WARN_UNREACHABLE_CODE = YES;
				CLANG_WARN__DUPLICATE_METHOD_MATCH = YES;
				COPY_PHASE_STRIP = NO;
				DEBUG_INFORMATION_FORMAT = "dwarf-with-dsym";
				ENABLE_NS_ASSERTIONS = NO;
				ENABLE_STRICT_OBJC_MSGSEND = YES;
				GCC_C_LANGUAGE_STANDARD = gnu11;
				GCC_NO_COMMON_BLOCKS = YES;
				GCC_WARN_64_TO_32_BIT_CONVERSION = YES;
				GCC_WARN_ABOUT_RETURN_TYPE = YES_ERROR;
				GCC_WARN_UNDECLARED_SELECTOR = YES;
				GCC_WARN_UNINITIALIZED_AUTOS = YES_AGGRESSIVE;
				GCC_WARN_UNUSED_FUNCTION = YES;
				GCC_WARN_UNUSED_VARIABLE = YES;
				IPHONEOS_DEPLOYMENT_TARGET = 15.2;
				MTL_ENABLE_DEBUG_INFO = NO;
				MTL_FAST_MATH = YES;
				SDKROOT = iphoneos;
				SWIFT_COMPILATION_MODE = wholemodule;
				SWIFT_OPTIMIZATION_LEVEL = "-O";
				VALIDATE_PRODUCT = YES;
			};
			name = Release;
		};
		F47CF52627BEF8C20026138F /* Debug */ = {
			isa = XCBuildConfiguration;
			buildSettings = {
				ASSETCATALOG_COMPILER_APPICON_NAME = AppIcon;
				ASSETCATALOG_COMPILER_GLOBAL_ACCENT_COLOR_NAME = AccentColor;
				CODE_SIGN_STYLE = Automatic;
				CURRENT_PROJECT_VERSION = 1;
				DEVELOPMENT_TEAM = R52PCPZ8KP;
				GENERATE_INFOPLIST_FILE = YES;
				INFOPLIST_FILE = NetflixCloneApp/Info.plist;
				INFOPLIST_KEY_UIApplicationSupportsIndirectInputEvents = YES;
				INFOPLIST_KEY_UILaunchStoryboardName = LaunchScreen;
				INFOPLIST_KEY_UIMainStoryboardFile = Main;
				INFOPLIST_KEY_UISupportedInterfaceOrientations_iPad = "UIInterfaceOrientationPortrait UIInterfaceOrientationPortraitUpsideDown UIInterfaceOrientationLandscapeLeft UIInterfaceOrientationLandscapeRight";
				INFOPLIST_KEY_UISupportedInterfaceOrientations_iPhone = "UIInterfaceOrientationPortrait UIInterfaceOrientationLandscapeLeft UIInterfaceOrientationLandscapeRight";
				LD_RUNPATH_SEARCH_PATHS = (
					"$(inherited)",
					"@executable_path/Frameworks",
				);
				MARKETING_VERSION = 1.0;
				PRODUCT_BUNDLE_IDENTIFIER = io.letcode.NetflixCloneApp;
				PRODUCT_NAME = "$(TARGET_NAME)";
				SWIFT_EMIT_LOC_STRINGS = YES;
				SWIFT_VERSION = 5.0;
				TARGETED_DEVICE_FAMILY = "1,2";
			};
			name = Debug;
		};
		F47CF52727BEF8C20026138F /* Release */ = {
			isa = XCBuildConfiguration;
			buildSettings = {
				ASSETCATALOG_COMPILER_APPICON_NAME = AppIcon;
				ASSETCATALOG_COMPILER_GLOBAL_ACCENT_COLOR_NAME = AccentColor;
				CODE_SIGN_STYLE = Automatic;
				CURRENT_PROJECT_VERSION = 1;
				DEVELOPMENT_TEAM = R52PCPZ8KP;
				GENERATE_INFOPLIST_FILE = YES;
				INFOPLIST_FILE = NetflixCloneApp/Info.plist;
				INFOPLIST_KEY_UIApplicationSupportsIndirectInputEvents = YES;
				INFOPLIST_KEY_UILaunchStoryboardName = LaunchScreen;
				INFOPLIST_KEY_UIMainStoryboardFile = Main;
				INFOPLIST_KEY_UISupportedInterfaceOrientations_iPad = "UIInterfaceOrientationPortrait UIInterfaceOrientationPortraitUpsideDown UIInterfaceOrientationLandscapeLeft UIInterfaceOrientationLandscapeRight";
				INFOPLIST_KEY_UISupportedInterfaceOrientations_iPhone = "UIInterfaceOrientationPortrait UIInterfaceOrientationLandscapeLeft UIInterfaceOrientationLandscapeRight";
				LD_RUNPATH_SEARCH_PATHS = (
					"$(inherited)",
					"@executable_path/Frameworks",
				);
				MARKETING_VERSION = 1.0;
				PRODUCT_BUNDLE_IDENTIFIER = io.letcode.NetflixCloneApp;
				PRODUCT_NAME = "$(TARGET_NAME)";
				SWIFT_EMIT_LOC_STRINGS = YES;
				SWIFT_VERSION = 5.0;
				TARGETED_DEVICE_FAMILY = "1,2";
			};
			name = Release;
		};
/* End XCBuildConfiguration section */

/* Begin XCConfigurationList section */
		F47CF50C27BEF8C10026138F /* Build configuration list for PBXProject "NetflixCloneApp" */ = {
			isa = XCConfigurationList;
			buildConfigurations = (
				F47CF52327BEF8C20026138F /* Debug */,
				F47CF52427BEF8C20026138F /* Release */,
			);
			defaultConfigurationIsVisible = 0;
			defaultConfigurationName = Release;
		};
		F47CF52527BEF8C20026138F /* Build configuration list for PBXNativeTarget "NetflixCloneApp" */ = {
			isa = XCConfigurationList;
			buildConfigurations = (
				F47CF52627BEF8C20026138F /* Debug */,
				F47CF52727BEF8C20026138F /* Release */,
			);
			defaultConfigurationIsVisible = 0;
			defaultConfigurationName = Release;
		};
/* End XCConfigurationList section */
	};
	rootObject = F47CF50927BEF8C10026138F /* Project object */;
}
